
Microsoft Visual Studio Solution File, Format Version 12.00
# Visual Studio 2012
Project("{FAE04EC0-301F-11D3-BF4B-00C04F79EFBC}") = "Demo.Aspnet.Mvc.SportStore.WebUI", "Demo.Aspnet.Mvc.SportStore.WebUI\Demo.Aspnet.Mvc.SportStore.WebUI.csproj", "{3DC13F2A-622F-4435-BE4E-6DDCEA4375B7}"
EndProject
Project("{FAE04EC0-301F-11D3-BF4B-00C04F79EFBC}") = "Demo.Aspnet.Mvc.SportStore.UnitTests", "Demo.Aspnet.Mvc.SportStore.UnitTests\Demo.Aspnet.Mvc.SportStore.UnitTests.csproj", "{F142C9B7-F280-4C41-B2AE-7ED33E3A94B7}"
EndProject
Project("{FAE04EC0-301F-11D3-BF4B-00C04F79EFBC}") = "Demo.Aspnet.Mvc.SportStore.Domain", "Demo.Aspnet.Mvc.SportStore.Domain\Demo.Aspnet.Mvc.SportStore.Domain.csproj", "{AE3EB31E-DE3C-4A3A-B312-BC563769BE64}"
EndProject
Global
	GlobalSection(SolutionConfigurationPlatforms) = preSolution
		Debug|Any CPU = Debug|Any CPU
		Release|Any CPU = Release|Any CPU
	EndGlobalSection
	GlobalSection(ProjectConfigurationPlatforms) = postSolution
		{3DC13F2A-622F-4435-BE4E-6DDCEA4375B7}.Debug|Any CPU.ActiveCfg = Debug|Any CPU
		{3DC13F2A-622F-4435-BE4E-6DDCEA4375B7}.Debug|Any CPU.Build.0 = Debug|Any CPU
		{3DC13F2A-622F-4435-BE4E-6DDCEA4375B7}.Release|Any CPU.ActiveCfg = Release|Any CPU
		{3DC13F2A-622F-4435-BE4E-6DDCEA4375B7}.Release|Any CPU.Build.0 = Release|Any CPU
		{F142C9B7-F280-4C41-B2AE-7ED33E3A94B7}.Debug|Any CPU.ActiveCfg = Debug|Any CPU
		{F142C9B7-F280-4C41-B2AE-7ED33E3A94B7}.Debug|Any CPU.Build.0 = Debug|Any CPU
		{F142C9B7-F280-4C41-B2AE-7ED33E3A94B7}.Release|Any CPU.ActiveCfg = Release|Any CPU
		{F142C9B7-F280-4C41-B2AE-7ED33E3A94B7}.Release|Any CPU.Build.0 = Release|Any CPU
		{AE3EB31E-DE3C-4A3A-B312-BC563769BE64}.Debug|Any CPU.ActiveCfg = Debug|Any CPU
		{AE3EB31E-DE3C-4A3A-B312-BC563769BE64}.Debug|Any CPU.Build.0 = Debug|Any CPU
		{AE3EB31E-DE3C-4A3A-B312-BC563769BE64}.Release|Any CPU.ActiveCfg = Release|Any CPU
		{AE3EB31E-DE3C-4A3A-B312-BC563769BE64}.Release|Any CPU.Build.0 = Release|Any CPU
	EndGlobalSection
	GlobalSection(SolutionProperties) = preSolution
		HideSolutionNode = FALSE
	EndGlobalSection
EndGlobal
